
Microsoft Visual Studio Solution File, Format Version 12.00
# Visual Studio Version 17
VisualStudioVersion = 17.6.33723.286
MinimumVisualStudioVersion = 10.0.40219.1
Project("{FAE04EC0-301F-11D3-BF4B-00C04F79EFBC}") = "DemoGit", "DemoGit\DemoGit.csproj", "{99288855-1BAC-4025-9CC8-D901132325A5}"
EndProject
Global
	GlobalSection(SolutionConfigurationPlatforms) = preSolution
		Debug|Any CPU = Debug|Any CPU
		Release|Any CPU = Release|Any CPU
	EndGlobalSection
	GlobalSection(ProjectConfigurationPlatforms) = postSolution
		{99288855-1BAC-4025-9CC8-D901132325A5}.Debug|Any CPU.ActiveCfg = Debug|Any CPU
		{99288855-1BAC-4025-9CC8-D901132325A5}.Debug|Any CPU.Build.0 = Debug|Any CPU
		{99288855-1BAC-4025-9CC8-D901132325A5}.Release|Any CPU.ActiveCfg = Release|Any CPU
		{99288855-1BAC-4025-9CC8-D901132325A5}.Release|Any CPU.Build.0 = Release|Any CPU
	EndGlobalSection
	GlobalSection(SolutionProperties) = preSolution
		HideSolutionNode = FALSE
	EndGlobalSection
	GlobalSection(ExtensibilityGlobals) = postSolution
		SolutionGuid = {CC6CD7BF-D899-416C-90C5-C2958E225058}
	EndGlobalSection
EndGlobal
